
Microsoft Visual Studio Solution File, Format Version 12.00
# Visual Studio 15
VisualStudioVersion = 15.0.28307.1145
MinimumVisualStudioVersion = 10.0.40219.1
Project("{FAE04EC0-301F-11D3-BF4B-00C04F79EFBC}") = "18_2", "18_2\18_2.csproj", "{2045FDBB-5B71-486D-9419-9E93005F57CC}"
EndProject
Global
	GlobalSection(SolutionConfigurationPlatforms) = preSolution
		Debug|Any CPU = Debug|Any CPU
		Release|Any CPU = Release|Any CPU
	EndGlobalSection
	GlobalSection(ProjectConfigurationPlatforms) = postSolution
		{2045FDBB-5B71-486D-9419-9E93005F57CC}.Debug|Any CPU.ActiveCfg = Debug|Any CPU
		{2045FDBB-5B71-486D-9419-9E93005F57CC}.Debug|Any CPU.Build.0 = Debug|Any CPU
		{2045FDBB-5B71-486D-9419-9E93005F57CC}.Release|Any CPU.ActiveCfg = Release|Any CPU
		{2045FDBB-5B71-486D-9419-9E93005F57CC}.Release|Any CPU.Build.0 = Release|Any CPU
	EndGlobalSection
	GlobalSection(SolutionProperties) = preSolution
		HideSolutionNode = FALSE
	EndGlobalSection
	GlobalSection(ExtensibilityGlobals) = postSolution
		SolutionGuid = {716E4798-C4A5-4562-82CD-C50E773ED5CC}
	EndGlobalSection
EndGlobal
